// !$*UTF8*$!
{
	archiveVersion = 1;
	classes = {
	};
	objectVersion = 46;
	objects = {

/* Begin PBXBuildFile section */
		A895CC691EEC618000B092D3 /* CircleMenu.swift in Sources */ = {isa = PBXBuildFile; fileRef = A895CC681EEC618000B092D3 /* CircleMenu.swift */; };
		A895CC701EEC61CA00B092D3 /* CircleMenuButton.swift in Sources */ = {isa = PBXBuildFile; fileRef = A895CC6E1EEC61CA00B092D3 /* CircleMenuButton.swift */; };
		A895CC711EEC61CA00B092D3 /* CircleMenuLoader.swift in Sources */ = {isa = PBXBuildFile; fileRef = A895CC6F1EEC61CA00B092D3 /* CircleMenuLoader.swift */; };
		A8AAD4A11EE64D0A009A2CD6 /* Twinkle.swift in Sources */ = {isa = PBXBuildFile; fileRef = A8AAD4A01EE64D0A009A2CD6 /* Twinkle.swift */; };
		A8AAD4A31EE652E1009A2CD6 /* TwinkleImage.png in Resources */ = {isa = PBXBuildFile; fileRef = A8AAD4A21EE652E1009A2CD6 /* TwinkleImage.png */; };
		A8D637421EE46F0000112D5E /* FilterCell.swift in Sources */ = {isa = PBXBuildFile; fileRef = A8D637401EE46F0000112D5E /* FilterCell.swift */; };
		A8D637431EE46F0000112D5E /* FilterCell.xib in Resources */ = {isa = PBXBuildFile; fileRef = A8D637411EE46F0000112D5E /* FilterCell.xib */; };
		A8D637451EE4769B00112D5E /* FilterDataSource.swift in Sources */ = {isa = PBXBuildFile; fileRef = A8D637441EE4769B00112D5E /* FilterDataSource.swift */; };
		A8E88B0E1EDB421A00CC8DE6 /* AppDelegate.swift in Sources */ = {isa = PBXBuildFile; fileRef = A8E88B0D1EDB421A00CC8DE6 /* AppDelegate.swift */; };
		A8E88B101EDB421A00CC8DE6 /* ViewController.swift in Sources */ = {isa = PBXBuildFile; fileRef = A8E88B0F1EDB421A00CC8DE6 /* ViewController.swift */; };
		A8E88B131EDB421A00CC8DE6 /* Main.storyboard in Resources */ = {isa = PBXBuildFile; fileRef = A8E88B111EDB421A00CC8DE6 /* Main.storyboard */; };
		A8E88B151EDB421A00CC8DE6 /* Assets.xcassets in Resources */ = {isa = PBXBuildFile; fileRef = A8E88B141EDB421A00CC8DE6 /* Assets.xcassets */; };
		A8E88B181EDB421A00CC8DE6 /* LaunchScreen.storyboard in Resources */ = {isa = PBXBuildFile; fileRef = A8E88B161EDB421A00CC8DE6 /* LaunchScreen.storyboard */; };
		A8E88B231EDB421A00CC8DE6 /* SuperFaceTrackerTests.swift in Sources */ = {isa = PBXBuildFile; fileRef = A8E88B221EDB421A00CC8DE6 /* SuperFaceTrackerTests.swift */; };
		A8E88B2E1EDB421A00CC8DE6 /* SuperFaceTrackerUITests.swift in Sources */ = {isa = PBXBuildFile; fileRef = A8E88B2D1EDB421A00CC8DE6 /* SuperFaceTrackerUITests.swift */; };
		A8E88B3C1EDB427900CC8DE6 /* FaceTracker.framework in Frameworks */ = {isa = PBXBuildFile; fileRef = A8E88B3B1EDB427900CC8DE6 /* FaceTracker.framework */; };
		A8E88B3D1EDB427900CC8DE6 /* FaceTracker.framework in Embed Frameworks */ = {isa = PBXBuildFile; fileRef = A8E88B3B1EDB427900CC8DE6 /* FaceTracker.framework */; settings = {ATTRIBUTES = (CodeSignOnCopy, RemoveHeadersOnCopy, ); }; };
/* End PBXBuildFile section */

/* Begin PBXContainerItemProxy section */
		A8E88B1F1EDB421A00CC8DE6 /* PBXContainerItemProxy */ = {
			isa = PBXContainerItemProxy;
			containerPortal = A8E88B021EDB421A00CC8DE6 /* Project object */;
			proxyType = 1;
			remoteGlobalIDString = A8E88B091EDB421A00CC8DE6;
			remoteInfo = SuperFaceTracker;
		};
		A8E88B2A1EDB421A00CC8DE6 /* PBXContainerItemProxy */ = {
			isa = PBXContainerItemProxy;
			containerPortal = A8E88B021EDB421A00CC8DE6 /* Project object */;
			proxyType = 1;
			remoteGlobalIDString = A8E88B091EDB421A00CC8DE6;
			remoteInfo = SuperFaceTracker;
		};
/* End PBXContainerItemProxy section */

/* Begin PBXCopyFilesBuildPhase section */
		A8E88B3E1EDB427900CC8DE6 /* Embed Frameworks */ = {
			isa = PBXCopyFilesBuildPhase;
			buildActionMask = 2147483647;
			dstPath = "";
			dstSubfolderSpec = 10;
			files = (
				A8E88B3D1EDB427900CC8DE6 /* FaceTracker.framework in Embed Frameworks */,
			);
			name = "Embed Frameworks";
			runOnlyForDeploymentPostprocessing = 0;
		};
/* End PBXCopyFilesBuildPhase section */

/* Begin PBXFileReference section */
		A895CC681EEC618000B092D3 /* CircleMenu.swift */ = {isa = PBXFileReference; fileEncoding = 4; lastKnownFileType = sourcecode.swift; name = CircleMenu.swift; path = ../CircleMenu.swift; sourceTree = "<group>"; };
		A895CC6E1EEC61CA00B092D3 /* CircleMenuButton.swift */ = {isa = PBXFileReference; fileEncoding = 4; lastKnownFileType = sourcecode.swift; path = CircleMenuButton.swift; sourceTree = "<group>"; };
		A895CC6F1EEC61CA00B092D3 /* CircleMenuLoader.swift */ = {isa = PBXFileReference; fileEncoding = 4; lastKnownFileType = sourcecode.swift; path = CircleMenuLoader.swift; sourceTree = "<group>"; };
		A8AAD4A01EE64D0A009A2CD6 /* Twinkle.swift */ = {isa = PBXFileReference; fileEncoding = 4; lastKnownFileType = sourcecode.swift; path = Twinkle.swift; sourceTree = "<group>"; };
		A8AAD4A21EE652E1009A2CD6 /* TwinkleImage.png */ = {isa = PBXFileReference; lastKnownFileType = image.png; path = TwinkleImage.png; sourceTree = "<group>"; };
		A8D637401EE46F0000112D5E /* FilterCell.swift */ = {isa = PBXFileReference; fileEncoding = 4; lastKnownFileType = sourcecode.swift; path = FilterCell.swift; sourceTree = "<group>"; };
		A8D637411EE46F0000112D5E /* FilterCell.xib */ = {isa = PBXFileReference; fileEncoding = 4; lastKnownFileType = file.xib; path = FilterCell.xib; sourceTree = "<group>"; };
		A8D637441EE4769B00112D5E /* FilterDataSource.swift */ = {isa = PBXFileReference; fileEncoding = 4; lastKnownFileType = sourcecode.swift; path = FilterDataSource.swift; sourceTree = "<group>"; };
		A8E88B0A1EDB421A00CC8DE6 /* SuperFaceTracker.app */ = {isa = PBXFileReference; explicitFileType = wrapper.application; includeInIndex = 0; path = SuperFaceTracker.app; sourceTree = BUILT_PRODUCTS_DIR; };
		A8E88B0D1EDB421A00CC8DE6 /* AppDelegate.swift */ = {isa = PBXFileReference; lastKnownFileType = sourcecode.swift; path = AppDelegate.swift; sourceTree = "<group>"; };
		A8E88B0F1EDB421A00CC8DE6 /* ViewController.swift */ = {isa = PBXFileReference; lastKnownFileType = sourcecode.swift; path = ViewController.swift; sourceTree = "<group>"; };
		A8E88B121EDB421A00CC8DE6 /* Base */ = {isa = PBXFileReference; lastKnownFileType = file.storyboard; name = Base; path = Base.lproj/Main.storyboard; sourceTree = "<group>"; };
		A8E88B141EDB421A00CC8DE6 /* Assets.xcassets */ = {isa = PBXFileReference; lastKnownFileType = folder.assetcatalog; path = Assets.xcassets; sourceTree = "<group>"; };
		A8E88B171EDB421A00CC8DE6 /* Base */ = {isa = PBXFileReference; lastKnownFileType = file.storyboard; name = Base; path = Base.lproj/LaunchScreen.storyboard; sourceTree = "<group>"; };
		A8E88B191EDB421A00CC8DE6 /* Info.plist */ = {isa = PBXFileReference; lastKnownFileType = text.plist.xml; path = Info.plist; sourceTree = "<group>"; };
		A8E88B1E1EDB421A00CC8DE6 /* SuperFaceTrackerTests.xctest */ = {isa = PBXFileReference; explicitFileType = wrapper.cfbundle; includeInIndex = 0; path = SuperFaceTrackerTests.xctest; sourceTree = BUILT_PRODUCTS_DIR; };
		A8E88B221EDB421A00CC8DE6 /* SuperFaceTrackerTests.swift */ = {isa = PBXFileReference; lastKnownFileType = sourcecode.swift; path = SuperFaceTrackerTests.swift; sourceTree = "<group>"; };
		A8E88B241EDB421A00CC8DE6 /* Info.plist */ = {isa = PBXFileReference; lastKnownFileType = text.plist.xml; path = Info.plist; sourceTree = "<group>"; };
		A8E88B291EDB421A00CC8DE6 /* SuperFaceTrackerUITests.xctest */ = {isa = PBXFileReference; explicitFileType = wrapper.cfbundle; includeInIndex = 0; path = SuperFaceTrackerUITests.xctest; sourceTree = BUILT_PRODUCTS_DIR; };
		A8E88B2D1EDB421A00CC8DE6 /* SuperFaceTrackerUITests.swift */ = {isa = PBXFileReference; lastKnownFileType = sourcecode.swift; path = SuperFaceTrackerUITests.swift; sourceTree = "<group>"; };
		A8E88B2F1EDB421A00CC8DE6 /* Info.plist */ = {isa = PBXFileReference; lastKnownFileType = text.plist.xml; path = Info.plist; sourceTree = "<group>"; };
		A8E88B3B1EDB427900CC8DE6 /* FaceTracker.framework */ = {isa = PBXFileReference; lastKnownFileType = wrapper.framework; path = FaceTracker.framework; sourceTree = "<group>"; };
/* End PBXFileReference section */

/* Begin PBXFrameworksBuildPhase section */
		A8E88B071EDB421A00CC8DE6 /* Frameworks */ = {
			isa = PBXFrameworksBuildPhase;
			buildActionMask = 2147483647;
			files = (
				A8E88B3C1EDB427900CC8DE6 /* FaceTracker.framework in Frameworks */,
			);
			runOnlyForDeploymentPostprocessing = 0;
		};
		A8E88B1B1EDB421A00CC8DE6 /* Frameworks */ = {
			isa = PBXFrameworksBuildPhase;
			buildActionMask = 2147483647;
			files = (
			);
			runOnlyForDeploymentPostprocessing = 0;
		};
		A8E88B261EDB421A00CC8DE6 /* Frameworks */ = {
			isa = PBXFrameworksBuildPhase;
			buildActionMask = 2147483647;
			files = (
			);
			runOnlyForDeploymentPostprocessing = 0;
		};
/* End PBXFrameworksBuildPhase section */

/* Begin PBXGroup section */
		A895CC601EEC5E1700B092D3 /* Frameworks */ = {
			isa = PBXGroup;
			children = (
				A8E88B3B1EDB427900CC8DE6 /* FaceTracker.framework */,
			);
			name = Frameworks;
			sourceTree = "<group>";
		};
		A895CC721EEC61D500B092D3 /* CircleMenu */ = {
			isa = PBXGroup;
			children = (
				A895CC6E1EEC61CA00B092D3 /* CircleMenuButton.swift */,
				A895CC6F1EEC61CA00B092D3 /* CircleMenuLoader.swift */,
				A895CC681EEC618000B092D3 /* CircleMenu.swift */,
			);
			name = CircleMenu;
			sourceTree = "<group>";
		};
		A8AAD4A41EE652E7009A2CD6 /* Twinkle */ = {
			isa = PBXGroup;
			children = (
				A8AAD4A21EE652E1009A2CD6 /* TwinkleImage.png */,
				A8AAD4A01EE64D0A009A2CD6 /* Twinkle.swift */,
			);
			name = Twinkle;
			sourceTree = "<group>";
		};
		A8E88B011EDB421A00CC8DE6 = {
			isa = PBXGroup;
			children = (
				A895CC601EEC5E1700B092D3 /* Frameworks */,
				A8E88B0C1EDB421A00CC8DE6 /* SuperFaceTracker */,
				A8E88B211EDB421A00CC8DE6 /* SuperFaceTrackerTests */,
				A8E88B2C1EDB421A00CC8DE6 /* SuperFaceTrackerUITests */,
				A8E88B0B1EDB421A00CC8DE6 /* Products */,
			);
			sourceTree = "<group>";
		};
		A8E88B0B1EDB421A00CC8DE6 /* Products */ = {
			isa = PBXGroup;
			children = (
				A8E88B0A1EDB421A00CC8DE6 /* SuperFaceTracker.app */,
				A8E88B1E1EDB421A00CC8DE6 /* SuperFaceTrackerTests.xctest */,
				A8E88B291EDB421A00CC8DE6 /* SuperFaceTrackerUITests.xctest */,
			);
			name = Products;
			sourceTree = "<group>";
		};
		A8E88B0C1EDB421A00CC8DE6 /* SuperFaceTracker */ = {
			isa = PBXGroup;
			children = (
				A895CC721EEC61D500B092D3 /* CircleMenu */,
				A8AAD4A41EE652E7009A2CD6 /* Twinkle */,
				A8E88B0D1EDB421A00CC8DE6 /* AppDelegate.swift */,
				A8E88B0F1EDB421A00CC8DE6 /* ViewController.swift */,
				A8D637401EE46F0000112D5E /* FilterCell.swift */,
				A8D637441EE4769B00112D5E /* FilterDataSource.swift */,
				A8D637411EE46F0000112D5E /* FilterCell.xib */,
				A8E88B111EDB421A00CC8DE6 /* Main.storyboard */,
				A8E88B161EDB421A00CC8DE6 /* LaunchScreen.storyboard */,
				A8E88B141EDB421A00CC8DE6 /* Assets.xcassets */,
				A8E88B191EDB421A00CC8DE6 /* Info.plist */,
			);
			path = SuperFaceTracker;
			sourceTree = "<group>";
		};
		A8E88B211EDB421A00CC8DE6 /* SuperFaceTrackerTests */ = {
			isa = PBXGroup;
			children = (
				A8E88B221EDB421A00CC8DE6 /* SuperFaceTrackerTests.swift */,
				A8E88B241EDB421A00CC8DE6 /* Info.plist */,
			);
			path = SuperFaceTrackerTests;
			sourceTree = "<group>";
		};
		A8E88B2C1EDB421A00CC8DE6 /* SuperFaceTrackerUITests */ = {
			isa = PBXGroup;
			children = (
				A8E88B2D1EDB421A00CC8DE6 /* SuperFaceTrackerUITests.swift */,
				A8E88B2F1EDB421A00CC8DE6 /* Info.plist */,
			);
			path = SuperFaceTrackerUITests;
			sourceTree = "<group>";
		};
/* End PBXGroup section */

/* Begin PBXNativeTarget section */
		A8E88B091EDB421A00CC8DE6 /* SuperFaceTracker */ = {
			isa = PBXNativeTarget;
			buildConfigurationList = A8E88B321EDB421A00CC8DE6 /* Build configuration list for PBXNativeTarget "SuperFaceTracker" */;
			buildPhases = (
				A8E88B061EDB421A00CC8DE6 /* Sources */,
				A8E88B071EDB421A00CC8DE6 /* Frameworks */,
				A8E88B081EDB421A00CC8DE6 /* Resources */,
				A8E88B3E1EDB427900CC8DE6 /* Embed Frameworks */,
			);
			buildRules = (
			);
			dependencies = (
			);
			name = SuperFaceTracker;
			productName = SuperFaceTracker;
			productReference = A8E88B0A1EDB421A00CC8DE6 /* SuperFaceTracker.app */;
			productType = "com.apple.product-type.application";
		};
		A8E88B1D1EDB421A00CC8DE6 /* SuperFaceTrackerTests */ = {
			isa = PBXNativeTarget;
			buildConfigurationList = A8E88B351EDB421A00CC8DE6 /* Build configuration list for PBXNativeTarget "SuperFaceTrackerTests" */;
			buildPhases = (
				A8E88B1A1EDB421A00CC8DE6 /* Sources */,
				A8E88B1B1EDB421A00CC8DE6 /* Frameworks */,
				A8E88B1C1EDB421A00CC8DE6 /* Resources */,
			);
			buildRules = (
			);
			dependencies = (
				A8E88B201EDB421A00CC8DE6 /* PBXTargetDependency */,
			);
			name = SuperFaceTrackerTests;
			productName = SuperFaceTrackerTests;
			productReference = A8E88B1E1EDB421A00CC8DE6 /* SuperFaceTrackerTests.xctest */;
			productType = "com.apple.product-type.bundle.unit-test";
		};
		A8E88B281EDB421A00CC8DE6 /* SuperFaceTrackerUITests */ = {
			isa = PBXNativeTarget;
			buildConfigurationList = A8E88B381EDB421A00CC8DE6 /* Build configuration list for PBXNativeTarget "SuperFaceTrackerUITests" */;
			buildPhases = (
				A8E88B251EDB421A00CC8DE6 /* Sources */,
				A8E88B261EDB421A00CC8DE6 /* Frameworks */,
				A8E88B271EDB421A00CC8DE6 /* Resources */,
			);
			buildRules = (
			);
			dependencies = (
				A8E88B2B1EDB421A00CC8DE6 /* PBXTargetDependency */,
			);
			name = SuperFaceTrackerUITests;
			productName = SuperFaceTrackerUITests;
			productReference = A8E88B291EDB421A00CC8DE6 /* SuperFaceTrackerUITests.xctest */;
			productType = "com.apple.product-type.bundle.ui-testing";
		};
/* End PBXNativeTarget section */

/* Begin PBXProject section */
		A8E88B021EDB421A00CC8DE6 /* Project object */ = {
			isa = PBXProject;
			attributes = {
				LastSwiftUpdateCheck = 0820;
				LastUpgradeCheck = 0820;
				ORGANIZATIONNAME = Skylabs;
				TargetAttributes = {
					A8E88B091EDB421A00CC8DE6 = {
						CreatedOnToolsVersion = 8.2.1;
						DevelopmentTeam = VDK4394HW7;
						ProvisioningStyle = Manual;
					};
					A8E88B1D1EDB421A00CC8DE6 = {
						CreatedOnToolsVersion = 8.2.1;
						DevelopmentTeam = SM5DS4HC25;
						ProvisioningStyle = Automatic;
						TestTargetID = A8E88B091EDB421A00CC8DE6;
					};
					A8E88B281EDB421A00CC8DE6 = {
						CreatedOnToolsVersion = 8.2.1;
						DevelopmentTeam = SM5DS4HC25;
						ProvisioningStyle = Automatic;
						TestTargetID = A8E88B091EDB421A00CC8DE6;
					};
				};
			};
			buildConfigurationList = A8E88B051EDB421A00CC8DE6 /* Build configuration list for PBXProject "SuperFaceTracker" */;
			compatibilityVersion = "Xcode 3.2";
			developmentRegion = English;
			hasScannedForEncodings = 0;
			knownRegions = (
				en,
				Base,
			);
			mainGroup = A8E88B011EDB421A00CC8DE6;
			productRefGroup = A8E88B0B1EDB421A00CC8DE6 /* Products */;
			projectDirPath = "";
			projectRoot = "";
			targets = (
				A8E88B091EDB421A00CC8DE6 /* SuperFaceTracker */,
				A8E88B1D1EDB421A00CC8DE6 /* SuperFaceTrackerTests */,
				A8E88B281EDB421A00CC8DE6 /* SuperFaceTrackerUITests */,
			);
		};
/* End PBXProject section */

/* Begin PBXResourcesBuildPhase section */
		A8E88B081EDB421A00CC8DE6 /* Resources */ = {
			isa = PBXResourcesBuildPhase;
			buildActionMask = 2147483647;
			files = (
				A8E88B181EDB421A00CC8DE6 /* LaunchScreen.storyboard in Resources */,
				A8D637431EE46F0000112D5E /* FilterCell.xib in Resources */,
				A8E88B151EDB421A00CC8DE6 /* Assets.xcassets in Resources */,
				A8E88B131EDB421A00CC8DE6 /* Main.storyboard in Resources */,
				A8AAD4A31EE652E1009A2CD6 /* TwinkleImage.png in Resources */,
			);
			runOnlyForDeploymentPostprocessing = 0;
		};
		A8E88B1C1EDB421A00CC8DE6 /* Resources */ = {
			isa = PBXResourcesBuildPhase;
			buildActionMask = 2147483647;
			files = (
			);
			runOnlyForDeploymentPostprocessing = 0;
		};
		A8E88B271EDB421A00CC8DE6 /* Resources */ = {
			isa = PBXResourcesBuildPhase;
			buildActionMask = 2147483647;
			files = (
			);
			runOnlyForDeploymentPostprocessing = 0;
		};
/* End PBXResourcesBuildPhase section */

/* Begin PBXSourcesBuildPhase section */
		A8E88B061EDB421A00CC8DE6 /* Sources */ = {
			isa = PBXSourcesBuildPhase;
			buildActionMask = 2147483647;
			files = (
				A895CC701EEC61CA00B092D3 /* CircleMenuButton.swift in Sources */,
				A895CC691EEC618000B092D3 /* CircleMenu.swift in Sources */,
				A8E88B101EDB421A00CC8DE6 /* ViewController.swift in Sources */,
				A8AAD4A11EE64D0A009A2CD6 /* Twinkle.swift in Sources */,
				A8D637421EE46F0000112D5E /* FilterCell.swift in Sources */,
				A8D637451EE4769B00112D5E /* FilterDataSource.swift in Sources */,
				A8E88B0E1EDB421A00CC8DE6 /* AppDelegate.swift in Sources */,
				A895CC711EEC61CA00B092D3 /* CircleMenuLoader.swift in Sources */,
			);
			runOnlyForDeploymentPostprocessing = 0;
		};
		A8E88B1A1EDB421A00CC8DE6 /* Sources */ = {
			isa = PBXSourcesBuildPhase;
			buildActionMask = 2147483647;
			files = (
				A8E88B231EDB421A00CC8DE6 /* SuperFaceTrackerTests.swift in Sources */,
			);
			runOnlyForDeploymentPostprocessing = 0;
		};
		A8E88B251EDB421A00CC8DE6 /* Sources */ = {
			isa = PBXSourcesBuildPhase;
			buildActionMask = 2147483647;
			files = (
				A8E88B2E1EDB421A00CC8DE6 /* SuperFaceTrackerUITests.swift in Sources */,
			);
			runOnlyForDeploymentPostprocessing = 0;
		};
/* End PBXSourcesBuildPhase section */

/* Begin PBXTargetDependency section */
		A8E88B201EDB421A00CC8DE6 /* PBXTargetDependency */ = {
			isa = PBXTargetDependency;
			target = A8E88B091EDB421A00CC8DE6 /* SuperFaceTracker */;
			targetProxy = A8E88B1F1EDB421A00CC8DE6 /* PBXContainerItemProxy */;
		};
		A8E88B2B1EDB421A00CC8DE6 /* PBXTargetDependency */ = {
			isa = PBXTargetDependency;
			target = A8E88B091EDB421A00CC8DE6 /* SuperFaceTracker */;
			targetProxy = A8E88B2A1EDB421A00CC8DE6 /* PBXContainerItemProxy */;
		};
/* End PBXTargetDependency section */

/* Begin PBXVariantGroup section */
		A8E88B111EDB421A00CC8DE6 /* Main.storyboard */ = {
			isa = PBXVariantGroup;
			children = (
				A8E88B121EDB421A00CC8DE6 /* Base */,
			);
			name = Main.storyboard;
			sourceTree = "<group>";
		};
		A8E88B161EDB421A00CC8DE6 /* LaunchScreen.storyboard */ = {
			isa = PBXVariantGroup;
			children = (
				A8E88B171EDB421A00CC8DE6 /* Base */,
			);
			name = LaunchScreen.storyboard;
			sourceTree = "<group>";
		};
/* End PBXVariantGroup section */

/* Begin XCBuildConfiguration section */
		A8E88B301EDB421A00CC8DE6 /* Debug */ = {
			isa = XCBuildConfiguration;
			buildSettings = {
				ALWAYS_SEARCH_USER_PATHS = NO;
				CLANG_ANALYZER_NONNULL = YES;
				CLANG_CXX_LANGUAGE_STANDARD = "gnu++0x";
				CLANG_CXX_LIBRARY = "libc++";
				CLANG_ENABLE_MODULES = YES;
				CLANG_ENABLE_OBJC_ARC = YES;
				CLANG_WARN_BOOL_CONVERSION = YES;
				CLANG_WARN_CONSTANT_CONVERSION = YES;
				CLANG_WARN_DIRECT_OBJC_ISA_USAGE = YES_ERROR;
				CLANG_WARN_DOCUMENTATION_COMMENTS = YES;
				CLANG_WARN_EMPTY_BODY = YES;
				CLANG_WARN_ENUM_CONVERSION = YES;
				CLANG_WARN_INFINITE_RECURSION = YES;
				CLANG_WARN_INT_CONVERSION = YES;
				CLANG_WARN_OBJC_ROOT_CLASS = YES_ERROR;
				CLANG_WARN_SUSPICIOUS_MOVE = YES;
				CLANG_WARN_UNREACHABLE_CODE = YES;
				CLANG_WARN__DUPLICATE_METHOD_MATCH = YES;
				"CODE_SIGN_IDENTITY[sdk=iphoneos*]" = "iPhone Developer";
				COPY_PHASE_STRIP = NO;
				DEBUG_INFORMATION_FORMAT = dwarf;
				ENABLE_STRICT_OBJC_MSGSEND = YES;
				ENABLE_TESTABILITY = YES;
				GCC_C_LANGUAGE_STANDARD = gnu99;
				GCC_DYNAMIC_NO_PIC = NO;
				GCC_NO_COMMON_BLOCKS = YES;
				GCC_OPTIMIZATION_LEVEL = 0;
				GCC_PREPROCESSOR_DEFINITIONS = (
					"DEBUG=1",
					"$(inherited)",
				);
				GCC_WARN_64_TO_32_BIT_CONVERSION = YES;
				GCC_WARN_ABOUT_RETURN_TYPE = YES_ERROR;
				GCC_WARN_UNDECLARED_SELECTOR = YES;
				GCC_WARN_UNINITIALIZED_AUTOS = YES_AGGRESSIVE;
				GCC_WARN_UNUSED_FUNCTION = YES;
				GCC_WARN_UNUSED_VARIABLE = YES;
				IPHONEOS_DEPLOYMENT_TARGET = 10.2;
				MTL_ENABLE_DEBUG_INFO = YES;
				ONLY_ACTIVE_ARCH = YES;
				SDKROOT = iphoneos;
				SWIFT_ACTIVE_COMPILATION_CONDITIONS = DEBUG;
				SWIFT_OPTIMIZATION_LEVEL = "-Onone";
				TARGETED_DEVICE_FAMILY = "1,2";
			};
			name = Debug;
		};
		A8E88B311EDB421A00CC8DE6 /* Release */ = {
			isa = XCBuildConfiguration;
			buildSettings = {
				ALWAYS_SEARCH_USER_PATHS = NO;
				CLANG_ANALYZER_NONNULL = YES;
				CLANG_CXX_LANGUAGE_STANDARD = "gnu++0x";
				CLANG_CXX_LIBRARY = "libc++";
				CLANG_ENABLE_MODULES = YES;
				CLANG_ENABLE_OBJC_ARC = YES;
				CLANG_WARN_BOOL_CONVERSION = YES;
				CLANG_WARN_CONSTANT_CONVERSION = YES;
				CLANG_WARN_DIRECT_OBJC_ISA_USAGE = YES_ERROR;
				CLANG_WARN_DOCUMENTATION_COMMENTS = YES;
				CLANG_WARN_EMPTY_BODY = YES;
				CLANG_WARN_ENUM_CONVERSION = YES;
				CLANG_WARN_INFINITE_RECURSION = YES;
				CLANG_WARN_INT_CONVERSION = YES;
				CLANG_WARN_OBJC_ROOT_CLASS = YES_ERROR;
				CLANG_WARN_SUSPICIOUS_MOVE = YES;
				CLANG_WARN_UNREACHABLE_CODE = YES;
				CLANG_WARN__DUPLICATE_METHOD_MATCH = YES;
				"CODE_SIGN_IDENTITY[sdk=iphoneos*]" = "iPhone Developer";
				COPY_PHASE_STRIP = NO;
				DEBUG_INFORMATION_FORMAT = "dwarf-with-dsym";
				ENABLE_NS_ASSERTIONS = NO;
				ENABLE_STRICT_OBJC_MSGSEND = YES;
				GCC_C_LANGUAGE_STANDARD = gnu99;
				GCC_NO_COMMON_BLOCKS = YES;
				GCC_WARN_64_TO_32_BIT_CONVERSION = YES;
				GCC_WARN_ABOUT_RETURN_TYPE = YES_ERROR;
				GCC_WARN_UNDECLARED_SELECTOR = YES;
				GCC_WARN_UNINITIALIZED_AUTOS = YES_AGGRESSIVE;
				GCC_WARN_UNUSED_FUNCTION = YES;
				GCC_WARN_UNUSED_VARIABLE = YES;
				IPHONEOS_DEPLOYMENT_TARGET = 10.2;
				MTL_ENABLE_DEBUG_INFO = NO;
				SDKROOT = iphoneos;
				SWIFT_OPTIMIZATION_LEVEL = "-Owholemodule";
				TARGETED_DEVICE_FAMILY = "1,2";
				VALIDATE_PRODUCT = YES;
			};
			name = Release;
		};
		A8E88B331EDB421A00CC8DE6 /* Debug */ = {
			isa = XCBuildConfiguration;
			buildSettings = {
				ASSETCATALOG_COMPILER_APPICON_NAME = AppIcon;
				"CODE_SIGN_IDENTITY[sdk=iphoneos*]" = "iPhone Developer";
				DEVELOPMENT_TEAM = VDK4394HW7;
				ENABLE_BITCODE = NO;
				FRAMEWORK_SEARCH_PATHS = (
					"$(inherited)",
					"$(PROJECT_DIR)",
				);
				INFOPLIST_FILE = SuperFaceTracker/Info.plist;
				IPHONEOS_DEPLOYMENT_TARGET = 10.2;
				LD_RUNPATH_SEARCH_PATHS = "$(inherited) @executable_path/Frameworks";
				PRODUCT_BUNDLE_IDENTIFIER = mx.skylabs.SuperFaceTracker;
				PRODUCT_NAME = "$(TARGET_NAME)";
				PROVISIONING_PROFILE = "62911725-4985-4df7-8ac5-4896586c03ef";
				PROVISIONING_PROFILE_SPECIFIER = "SuperFaceTracker-Dev";
				SWIFT_VERSION = 3.0;
			};
			name = Debug;
		};
		A8E88B341EDB421A00CC8DE6 /* Release */ = {
			isa = XCBuildConfiguration;
			buildSettings = {
				ASSETCATALOG_COMPILER_APPICON_NAME = AppIcon;
				"CODE_SIGN_IDENTITY[sdk=iphoneos*]" = "iPhone Developer";
				DEVELOPMENT_TEAM = VDK4394HW7;
				ENABLE_BITCODE = NO;
				FRAMEWORK_SEARCH_PATHS = (
					"$(inherited)",
					"$(PROJECT_DIR)",
				);
				INFOPLIST_FILE = SuperFaceTracker/Info.plist;
				IPHONEOS_DEPLOYMENT_TARGET = 10.2;
				LD_RUNPATH_SEARCH_PATHS = "$(inherited) @executable_path/Frameworks";
				PRODUCT_BUNDLE_IDENTIFIER = mx.skylabs.SuperFaceTracker;
				PRODUCT_NAME = "$(TARGET_NAME)";
				PROVISIONING_PROFILE = "62911725-4985-4df7-8ac5-4896586c03ef";
				PROVISIONING_PROFILE_SPECIFIER = "SuperFaceTracker-Dev";
				SWIFT_VERSION = 3.0;
			};
			name = Release;
		};
		A8E88B361EDB421A00CC8DE6 /* Debug */ = {
			isa = XCBuildConfiguration;
			buildSettings = {
				ALWAYS_EMBED_SWIFT_STANDARD_LIBRARIES = YES;
				BUNDLE_LOADER = "$(TEST_HOST)";
				DEVELOPMENT_TEAM = SM5DS4HC25;
				INFOPLIST_FILE = SuperFaceTrackerTests/Info.plist;
				LD_RUNPATH_SEARCH_PATHS = "$(inherited) @executable_path/Frameworks @loader_path/Frameworks";
				PRODUCT_BUNDLE_IDENTIFIER = mx.skylabs.SuperFaceTrackerTests;
				PRODUCT_NAME = "$(TARGET_NAME)";
				SWIFT_VERSION = 3.0;
				TEST_HOST = "$(BUILT_PRODUCTS_DIR)/SuperFaceTracker.app/SuperFaceTracker";
			};
			name = Debug;
		};
		A8E88B371EDB421A00CC8DE6 /* Release */ = {
			isa = XCBuildConfiguration;
			buildSettings = {
				ALWAYS_EMBED_SWIFT_STANDARD_LIBRARIES = YES;
				BUNDLE_LOADER = "$(TEST_HOST)";
				DEVELOPMENT_TEAM = SM5DS4HC25;
				INFOPLIST_FILE = SuperFaceTrackerTests/Info.plist;
				LD_RUNPATH_SEARCH_PATHS = "$(inherited) @executable_path/Frameworks @loader_path/Frameworks";
				PRODUCT_BUNDLE_IDENTIFIER = mx.skylabs.SuperFaceTrackerTests;
				PRODUCT_NAME = "$(TARGET_NAME)";
				SWIFT_VERSION = 3.0;
				TEST_HOST = "$(BUILT_PRODUCTS_DIR)/SuperFaceTracker.app/SuperFaceTracker";
			};
			name = Release;
		};
		A8E88B391EDB421A00CC8DE6 /* Debug */ = {
			isa = XCBuildConfiguration;
			buildSettings = {
				ALWAYS_EMBED_SWIFT_STANDARD_LIBRARIES = YES;
				DEVELOPMENT_TEAM = SM5DS4HC25;
				INFOPLIST_FILE = SuperFaceTrackerUITests/Info.plist;
				LD_RUNPATH_SEARCH_PATHS = "$(inherited) @executable_path/Frameworks @loader_path/Frameworks";
				PRODUCT_BUNDLE_IDENTIFIER = mx.skylabs.SuperFaceTrackerUITests;
				PRODUCT_NAME = "$(TARGET_NAME)";
				SWIFT_VERSION = 3.0;
				TEST_TARGET_NAME = SuperFaceTracker;
			};
			name = Debug;
		};
		A8E88B3A1EDB421A00CC8DE6 /* Release */ = {
			isa = XCBuildConfiguration;
			buildSettings = {
				ALWAYS_EMBED_SWIFT_STANDARD_LIBRARIES = YES;
				DEVELOPMENT_TEAM = SM5DS4HC25;
				INFOPLIST_FILE = SuperFaceTrackerUITests/Info.plist;
				LD_RUNPATH_SEARCH_PATHS = "$(inherited) @executable_path/Frameworks @loader_path/Frameworks";
				PRODUCT_BUNDLE_IDENTIFIER = mx.skylabs.SuperFaceTrackerUITests;
				PRODUCT_NAME = "$(TARGET_NAME)";
				SWIFT_VERSION = 3.0;
				TEST_TARGET_NAME = SuperFaceTracker;
			};
			name = Release;
		};
/* End XCBuildConfiguration section */

/* Begin XCConfigurationList section */
		A8E88B051EDB421A00CC8DE6 /* Build configuration list for PBXProject "SuperFaceTracker" */ = {
			isa = XCConfigurationList;
			buildConfigurations = (
				A8E88B301EDB421A00CC8DE6 /* Debug */,
				A8E88B311EDB421A00CC8DE6 /* Release */,
			);
			defaultConfigurationIsVisible = 0;
			defaultConfigurationName = Release;
		};
		A8E88B321EDB421A00CC8DE6 /* Build configuration list for PBXNativeTarget "SuperFaceTracker" */ = {
			isa = XCConfigurationList;
			buildConfigurations = (
				A8E88B331EDB421A00CC8DE6 /* Debug */,
				A8E88B341EDB421A00CC8DE6 /* Release */,
			);
			defaultConfigurationIsVisible = 0;
			defaultConfigurationName = Release;
		};
		A8E88B351EDB421A00CC8DE6 /* Build configuration list for PBXNativeTarget "SuperFaceTrackerTests" */ = {
			isa = XCConfigurationList;
			buildConfigurations = (
				A8E88B361EDB421A00CC8DE6 /* Debug */,
				A8E88B371EDB421A00CC8DE6 /* Release */,
			);
			defaultConfigurationIsVisible = 0;
			defaultConfigurationName = Release;
		};
		A8E88B381EDB421A00CC8DE6 /* Build configuration list for PBXNativeTarget "SuperFaceTrackerUITests" */ = {
			isa = XCConfigurationList;
			buildConfigurations = (
				A8E88B391EDB421A00CC8DE6 /* Debug */,
				A8E88B3A1EDB421A00CC8DE6 /* Release */,
			);
			defaultConfigurationIsVisible = 0;
			defaultConfigurationName = Release;
		};
/* End XCConfigurationList section */
	};
	rootObject = A8E88B021EDB421A00CC8DE6 /* Project object */;
}
